// !$*UTF8*$!
{
	archiveVersion = 1;
	classes = {
	};
	objectVersion = 50;
	objects = {

/* Begin PBXBuildFile section */
		0780B3CDCBCC59468266DC7B /* Pods_Challenge.framework in Frameworks */ = {isa = PBXBuildFile; fileRef = 48F07A0F34C4F229EF3E5520 /* Pods_Challenge.framework */; };
		0BD065507B56EA3A018AE485 /* Pods_ChallengeTests.framework in Frameworks */ = {isa = PBXBuildFile; fileRef = 1E6DAF420E457CA7D2819B4B /* Pods_ChallengeTests.framework */; };
		1E56DF1F4255648D783F6F3C /* Pods_ChallengeUITests.framework in Frameworks */ = {isa = PBXBuildFile; fileRef = 31C29755CE9E8BEA596A6445 /* Pods_ChallengeUITests.framework */; };
		7656AD4E219A7E0D006ECC49 /* AppDelegate.swift in Sources */ = {isa = PBXBuildFile; fileRef = 7656AD4D219A7E0D006ECC49 /* AppDelegate.swift */; };
		7656AD50219A7E0D006ECC49 /* ViewController.swift in Sources */ = {isa = PBXBuildFile; fileRef = 7656AD4F219A7E0D006ECC49 /* ViewController.swift */; };
		7656AD53219A7E0D006ECC49 /* Main.storyboard in Resources */ = {isa = PBXBuildFile; fileRef = 7656AD51219A7E0D006ECC49 /* Main.storyboard */; };
		7656AD55219A7E10006ECC49 /* Assets.xcassets in Resources */ = {isa = PBXBuildFile; fileRef = 7656AD54219A7E10006ECC49 /* Assets.xcassets */; };
		7656AD58219A7E10006ECC49 /* LaunchScreen.storyboard in Resources */ = {isa = PBXBuildFile; fileRef = 7656AD56219A7E10006ECC49 /* LaunchScreen.storyboard */; };
		7656AD63219A7E10006ECC49 /* ApiServiceTests.swift in Sources */ = {isa = PBXBuildFile; fileRef = 7656AD62219A7E10006ECC49 /* ApiServiceTests.swift */; };
		7656AD6E219A7E10006ECC49 /* ChallengeUITests.swift in Sources */ = {isa = PBXBuildFile; fileRef = 7656AD6D219A7E10006ECC49 /* ChallengeUITests.swift */; };
		7656AD7E219A83E4006ECC49 /* Post.swift in Sources */ = {isa = PBXBuildFile; fileRef = 7656AD7D219A83E4006ECC49 /* Post.swift */; };
		7656AD80219A8635006ECC49 /* ApiService.swift in Sources */ = {isa = PBXBuildFile; fileRef = 7656AD7F219A8635006ECC49 /* ApiService.swift */; };
		7656AD87219AF5B5006ECC49 /* UrlProtocols.swift in Sources */ = {isa = PBXBuildFile; fileRef = 7656AD86219AF5B5006ECC49 /* UrlProtocols.swift */; };
		7656AD8C219AFC0F006ECC49 /* PostListViewModel.swift in Sources */ = {isa = PBXBuildFile; fileRef = 7656AD8B219AFC0F006ECC49 /* PostListViewModel.swift */; };
		7656AD8E219B9A0C006ECC49 /* PostTableViewCell.swift in Sources */ = {isa = PBXBuildFile; fileRef = 7656AD8D219B9A0C006ECC49 /* PostTableViewCell.swift */; };
		7656AD90219B9CB5006ECC49 /* PostTableViewModel.swift in Sources */ = {isa = PBXBuildFile; fileRef = 7656AD8F219B9CB5006ECC49 /* PostTableViewModel.swift */; };
		7656AD95219BF97C006ECC49 /* IntExt.swift in Sources */ = {isa = PBXBuildFile; fileRef = 7656AD94219BF97C006ECC49 /* IntExt.swift */; };
/* End PBXBuildFile section */

/* Begin PBXContainerItemProxy section */
		7656AD5F219A7E10006ECC49 /* PBXContainerItemProxy */ = {
			isa = PBXContainerItemProxy;
			containerPortal = 7656AD42219A7E0D006ECC49 /* Project object */;
			proxyType = 1;
			remoteGlobalIDString = 7656AD49219A7E0D006ECC49;
			remoteInfo = Challenge;
		};
		7656AD6A219A7E10006ECC49 /* PBXContainerItemProxy */ = {
			isa = PBXContainerItemProxy;
			containerPortal = 7656AD42219A7E0D006ECC49 /* Project object */;
			proxyType = 1;
			remoteGlobalIDString = 7656AD49219A7E0D006ECC49;
			remoteInfo = Challenge;
		};
/* End PBXContainerItemProxy section */

/* Begin PBXFileReference section */
		1E6DAF420E457CA7D2819B4B /* Pods_ChallengeTests.framework */ = {isa = PBXFileReference; explicitFileType = wrapper.framework; includeInIndex = 0; path = Pods_ChallengeTests.framework; sourceTree = BUILT_PRODUCTS_DIR; };
		31C29755CE9E8BEA596A6445 /* Pods_ChallengeUITests.framework */ = {isa = PBXFileReference; explicitFileType = wrapper.framework; includeInIndex = 0; path = Pods_ChallengeUITests.framework; sourceTree = BUILT_PRODUCTS_DIR; };
		48F07A0F34C4F229EF3E5520 /* Pods_Challenge.framework */ = {isa = PBXFileReference; explicitFileType = wrapper.framework; includeInIndex = 0; path = Pods_Challenge.framework; sourceTree = BUILT_PRODUCTS_DIR; };
		5DDF3929760E401ED671D8F6 /* Pods-ChallengeUITests.debug.xcconfig */ = {isa = PBXFileReference; includeInIndex = 1; lastKnownFileType = text.xcconfig; name = "Pods-ChallengeUITests.debug.xcconfig"; path = "Pods/Target Support Files/Pods-ChallengeUITests/Pods-ChallengeUITests.debug.xcconfig"; sourceTree = "<group>"; };
		727E7A6BF347E14B55A3392D /* Pods-Challenge.release.xcconfig */ = {isa = PBXFileReference; includeInIndex = 1; lastKnownFileType = text.xcconfig; name = "Pods-Challenge.release.xcconfig"; path = "Pods/Target Support Files/Pods-Challenge/Pods-Challenge.release.xcconfig"; sourceTree = "<group>"; };
		7656AD4A219A7E0D006ECC49 /* Challenge.app */ = {isa = PBXFileReference; explicitFileType = wrapper.application; includeInIndex = 0; path = Challenge.app; sourceTree = BUILT_PRODUCTS_DIR; };
		7656AD4D219A7E0D006ECC49 /* AppDelegate.swift */ = {isa = PBXFileReference; lastKnownFileType = sourcecode.swift; path = AppDelegate.swift; sourceTree = "<group>"; };
		7656AD4F219A7E0D006ECC49 /* ViewController.swift */ = {isa = PBXFileReference; lastKnownFileType = sourcecode.swift; path = ViewController.swift; sourceTree = "<group>"; };
		7656AD52219A7E0D006ECC49 /* Base */ = {isa = PBXFileReference; lastKnownFileType = file.storyboard; name = Base; path = Base.lproj/Main.storyboard; sourceTree = "<group>"; };
		7656AD54219A7E10006ECC49 /* Assets.xcassets */ = {isa = PBXFileReference; lastKnownFileType = folder.assetcatalog; path = Assets.xcassets; sourceTree = "<group>"; };
		7656AD57219A7E10006ECC49 /* Base */ = {isa = PBXFileReference; lastKnownFileType = file.storyboard; name = Base; path = Base.lproj/LaunchScreen.storyboard; sourceTree = "<group>"; };
		7656AD59219A7E10006ECC49 /* Info.plist */ = {isa = PBXFileReference; lastKnownFileType = text.plist.xml; path = Info.plist; sourceTree = "<group>"; };
		7656AD5E219A7E10006ECC49 /* ChallengeTests.xctest */ = {isa = PBXFileReference; explicitFileType = wrapper.cfbundle; includeInIndex = 0; path = ChallengeTests.xctest; sourceTree = BUILT_PRODUCTS_DIR; };
		7656AD62219A7E10006ECC49 /* ApiServiceTests.swift */ = {isa = PBXFileReference; lastKnownFileType = sourcecode.swift; path = ApiServiceTests.swift; sourceTree = "<group>"; };
		7656AD64219A7E10006ECC49 /* Info.plist */ = {isa = PBXFileReference; lastKnownFileType = text.plist.xml; path = Info.plist; sourceTree = "<group>"; };
		7656AD69219A7E10006ECC49 /* ChallengeUITests.xctest */ = {isa = PBXFileReference; explicitFileType = wrapper.cfbundle; includeInIndex = 0; path = ChallengeUITests.xctest; sourceTree = BUILT_PRODUCTS_DIR; };
		7656AD6D219A7E10006ECC49 /* ChallengeUITests.swift */ = {isa = PBXFileReference; lastKnownFileType = sourcecode.swift; path = ChallengeUITests.swift; sourceTree = "<group>"; };
		7656AD6F219A7E10006ECC49 /* Info.plist */ = {isa = PBXFileReference; lastKnownFileType = text.plist.xml; path = Info.plist; sourceTree = "<group>"; };
		7656AD7D219A83E4006ECC49 /* Post.swift */ = {isa = PBXFileReference; lastKnownFileType = sourcecode.swift; path = Post.swift; sourceTree = "<group>"; };
		7656AD7F219A8635006ECC49 /* ApiService.swift */ = {isa = PBXFileReference; lastKnownFileType = sourcecode.swift; path = ApiService.swift; sourceTree = "<group>"; };
		7656AD86219AF5B5006ECC49 /* UrlProtocols.swift */ = {isa = PBXFileReference; lastKnownFileType = sourcecode.swift; path = UrlProtocols.swift; sourceTree = "<group>"; };
		7656AD8B219AFC0F006ECC49 /* PostListViewModel.swift */ = {isa = PBXFileReference; lastKnownFileType = sourcecode.swift; path = PostListViewModel.swift; sourceTree = "<group>"; };
		7656AD8D219B9A0C006ECC49 /* PostTableViewCell.swift */ = {isa = PBXFileReference; lastKnownFileType = sourcecode.swift; path = PostTableViewCell.swift; sourceTree = "<group>"; };
		7656AD8F219B9CB5006ECC49 /* PostTableViewModel.swift */ = {isa = PBXFileReference; lastKnownFileType = sourcecode.swift; path = PostTableViewModel.swift; sourceTree = "<group>"; };
		7656AD94219BF97C006ECC49 /* IntExt.swift */ = {isa = PBXFileReference; lastKnownFileType = sourcecode.swift; path = IntExt.swift; sourceTree = "<group>"; };
		82100966EAC5A000C4F36923 /* Pods-ChallengeUITests.release.xcconfig */ = {isa = PBXFileReference; includeInIndex = 1; lastKnownFileType = text.xcconfig; name = "Pods-ChallengeUITests.release.xcconfig"; path = "Pods/Target Support Files/Pods-ChallengeUITests/Pods-ChallengeUITests.release.xcconfig"; sourceTree = "<group>"; };
		A31843CB0085C1EDD3580CCA /* Pods-Challenge.debug.xcconfig */ = {isa = PBXFileReference; includeInIndex = 1; lastKnownFileType = text.xcconfig; name = "Pods-Challenge.debug.xcconfig"; path = "Pods/Target Support Files/Pods-Challenge/Pods-Challenge.debug.xcconfig"; sourceTree = "<group>"; };
		BC3C919D79DFFA173CB66837 /* Pods-ChallengeTests.release.xcconfig */ = {isa = PBXFileReference; includeInIndex = 1; lastKnownFileType = text.xcconfig; name = "Pods-ChallengeTests.release.xcconfig"; path = "Pods/Target Support Files/Pods-ChallengeTests/Pods-ChallengeTests.release.xcconfig"; sourceTree = "<group>"; };
		C1E8B7197773BA579367D29F /* Pods-ChallengeTests.debug.xcconfig */ = {isa = PBXFileReference; includeInIndex = 1; lastKnownFileType = text.xcconfig; name = "Pods-ChallengeTests.debug.xcconfig"; path = "Pods/Target Support Files/Pods-ChallengeTests/Pods-ChallengeTests.debug.xcconfig"; sourceTree = "<group>"; };
/* End PBXFileReference section */

/* Begin PBXFrameworksBuildPhase section */
		7656AD47219A7E0D006ECC49 /* Frameworks */ = {
			isa = PBXFrameworksBuildPhase;
			buildActionMask = 2147483647;
			files = (
				0780B3CDCBCC59468266DC7B /* Pods_Challenge.framework in Frameworks */,
			);
			runOnlyForDeploymentPostprocessing = 0;
		};
		7656AD5B219A7E10006ECC49 /* Frameworks */ = {
			isa = PBXFrameworksBuildPhase;
			buildActionMask = 2147483647;
			files = (
				0BD065507B56EA3A018AE485 /* Pods_ChallengeTests.framework in Frameworks */,
			);
			runOnlyForDeploymentPostprocessing = 0;
		};
		7656AD66219A7E10006ECC49 /* Frameworks */ = {
			isa = PBXFrameworksBuildPhase;
			buildActionMask = 2147483647;
			files = (
				1E56DF1F4255648D783F6F3C /* Pods_ChallengeUITests.framework in Frameworks */,
			);
			runOnlyForDeploymentPostprocessing = 0;
		};
/* End PBXFrameworksBuildPhase section */

/* Begin PBXGroup section */
		5C480F73CB7C052D108A6665 /* Pods */ = {
			isa = PBXGroup;
			children = (
				A31843CB0085C1EDD3580CCA /* Pods-Challenge.debug.xcconfig */,
				727E7A6BF347E14B55A3392D /* Pods-Challenge.release.xcconfig */,
				C1E8B7197773BA579367D29F /* Pods-ChallengeTests.debug.xcconfig */,
				BC3C919D79DFFA173CB66837 /* Pods-ChallengeTests.release.xcconfig */,
				5DDF3929760E401ED671D8F6 /* Pods-ChallengeUITests.debug.xcconfig */,
				82100966EAC5A000C4F36923 /* Pods-ChallengeUITests.release.xcconfig */,
			);
			name = Pods;
			sourceTree = "<group>";
		};
		7656AD41219A7E0D006ECC49 = {
			isa = PBXGroup;
			children = (
				7656AD4C219A7E0D006ECC49 /* Challenge */,
				7656AD61219A7E10006ECC49 /* ChallengeTests */,
				7656AD6C219A7E10006ECC49 /* ChallengeUITests */,
				7656AD4B219A7E0D006ECC49 /* Products */,
				5C480F73CB7C052D108A6665 /* Pods */,
				844A2B304A3DB37CB966F9CF /* Frameworks */,
			);
			sourceTree = "<group>";
		};
		7656AD4B219A7E0D006ECC49 /* Products */ = {
			isa = PBXGroup;
			children = (
				7656AD4A219A7E0D006ECC49 /* Challenge.app */,
				7656AD5E219A7E10006ECC49 /* ChallengeTests.xctest */,
				7656AD69219A7E10006ECC49 /* ChallengeUITests.xctest */,
			);
			name = Products;
			sourceTree = "<group>";
		};
		7656AD4C219A7E0D006ECC49 /* Challenge */ = {
			isa = PBXGroup;
			children = (
				7656AD93219BA806006ECC49 /* View */,
				7656AD8A219AFBF6006ECC49 /* ViewModel */,
				7656AD85219AF594006ECC49 /* Protocol */,
				7656AD7C219A7EB2006ECC49 /* Service */,
				7656AD7B219A7EA5006ECC49 /* Model */,
				7656AD4D219A7E0D006ECC49 /* AppDelegate.swift */,
				7656AD51219A7E0D006ECC49 /* Main.storyboard */,
				7656AD54219A7E10006ECC49 /* Assets.xcassets */,
				7656AD56219A7E10006ECC49 /* LaunchScreen.storyboard */,
				7656AD59219A7E10006ECC49 /* Info.plist */,
			);
			path = Challenge;
			sourceTree = "<group>";
		};
		7656AD61219A7E10006ECC49 /* ChallengeTests */ = {
			isa = PBXGroup;
			children = (
				7656AD62219A7E10006ECC49 /* ApiServiceTests.swift */,
				7656AD64219A7E10006ECC49 /* Info.plist */,
			);
			path = ChallengeTests;
			sourceTree = "<group>";
		};
		7656AD6C219A7E10006ECC49 /* ChallengeUITests */ = {
			isa = PBXGroup;
			children = (
				7656AD6D219A7E10006ECC49 /* ChallengeUITests.swift */,
				7656AD6F219A7E10006ECC49 /* Info.plist */,
			);
			path = ChallengeUITests;
			sourceTree = "<group>";
		};
		7656AD7B219A7EA5006ECC49 /* Model */ = {
			isa = PBXGroup;
			children = (
				7656AD7D219A83E4006ECC49 /* Post.swift */,
				7656AD8D219B9A0C006ECC49 /* PostTableViewCell.swift */,
				7656AD8F219B9CB5006ECC49 /* PostTableViewModel.swift */,
			);
			path = Model;
			sourceTree = "<group>";
		};
		7656AD7C219A7EB2006ECC49 /* Service */ = {
			isa = PBXGroup;
			children = (
				7656AD7F219A8635006ECC49 /* ApiService.swift */,
			);
			path = Service;
			sourceTree = "<group>";
		};
		7656AD85219AF594006ECC49 /* Protocol */ = {
			isa = PBXGroup;
			children = (
				7656AD86219AF5B5006ECC49 /* UrlProtocols.swift */,
				7656AD94219BF97C006ECC49 /* IntExt.swift */,
			);
			path = Protocol;
			sourceTree = "<group>";
		};
		7656AD8A219AFBF6006ECC49 /* ViewModel */ = {
			isa = PBXGroup;
			children = (
				7656AD8B219AFC0F006ECC49 /* PostListViewModel.swift */,
			);
			path = ViewModel;
			sourceTree = "<group>";
		};
		7656AD93219BA806006ECC49 /* View */ = {
			isa = PBXGroup;
			children = (
				7656AD4F219A7E0D006ECC49 /* ViewController.swift */,
			);
			path = View;
			sourceTree = "<group>";
		};
		844A2B304A3DB37CB966F9CF /* Frameworks */ = {
			isa = PBXGroup;
			children = (
				48F07A0F34C4F229EF3E5520 /* Pods_Challenge.framework */,
				1E6DAF420E457CA7D2819B4B /* Pods_ChallengeTests.framework */,
				31C29755CE9E8BEA596A6445 /* Pods_ChallengeUITests.framework */,
			);
			name = Frameworks;
			sourceTree = "<group>";
		};
/* End PBXGroup section */

/* Begin PBXNativeTarget section */
		7656AD49219A7E0D006ECC49 /* Challenge */ = {
			isa = PBXNativeTarget;
			buildConfigurationList = 7656AD72219A7E10006ECC49 /* Build configuration list for PBXNativeTarget "Challenge" */;
			buildPhases = (
				BBB75C1DE9FE1BFD8F2EF904 /* [CP] Check Pods Manifest.lock */,
				7656AD46219A7E0D006ECC49 /* Sources */,
				7656AD47219A7E0D006ECC49 /* Frameworks */,
				7656AD48219A7E0D006ECC49 /* Resources */,
				250F0A8A0695845B5985D34C /* [CP] Embed Pods Frameworks */,
			);
			buildRules = (
			);
			dependencies = (
			);
			name = Challenge;
			productName = Challenge;
			productReference = 7656AD4A219A7E0D006ECC49 /* Challenge.app */;
			productType = "com.apple.product-type.application";
		};
		7656AD5D219A7E10006ECC49 /* ChallengeTests */ = {
			isa = PBXNativeTarget;
			buildConfigurationList = 7656AD75219A7E10006ECC49 /* Build configuration list for PBXNativeTarget "ChallengeTests" */;
			buildPhases = (
				2DF44FAC6E4D7009F87E939D /* [CP] Check Pods Manifest.lock */,
				7656AD5A219A7E10006ECC49 /* Sources */,
				7656AD5B219A7E10006ECC49 /* Frameworks */,
				7656AD5C219A7E10006ECC49 /* Resources */,
			);
			buildRules = (
			);
			dependencies = (
				7656AD60219A7E10006ECC49 /* PBXTargetDependency */,
			);
			name = ChallengeTests;
			productName = ChallengeTests;
			productReference = 7656AD5E219A7E10006ECC49 /* ChallengeTests.xctest */;
			productType = "com.apple.product-type.bundle.unit-test";
		};
		7656AD68219A7E10006ECC49 /* ChallengeUITests */ = {
			isa = PBXNativeTarget;
			buildConfigurationList = 7656AD78219A7E10006ECC49 /* Build configuration list for PBXNativeTarget "ChallengeUITests" */;
			buildPhases = (
				8514A88AEE4DF45F01094B29 /* [CP] Check Pods Manifest.lock */,
				7656AD65219A7E10006ECC49 /* Sources */,
				7656AD66219A7E10006ECC49 /* Frameworks */,
				7656AD67219A7E10006ECC49 /* Resources */,
			);
			buildRules = (
			);
			dependencies = (
				7656AD6B219A7E10006ECC49 /* PBXTargetDependency */,
			);
			name = ChallengeUITests;
			productName = ChallengeUITests;
			productReference = 7656AD69219A7E10006ECC49 /* ChallengeUITests.xctest */;
			productType = "com.apple.product-type.bundle.ui-testing";
		};
/* End PBXNativeTarget section */

/* Begin PBXProject section */
		7656AD42219A7E0D006ECC49 /* Project object */ = {
			isa = PBXProject;
			attributes = {
				LastSwiftUpdateCheck = 1010;
				LastUpgradeCheck = 1010;
				ORGANIZATIONNAME = "Felix Changoo";
				TargetAttributes = {
					7656AD49219A7E0D006ECC49 = {
						CreatedOnToolsVersion = 10.1;
					};
					7656AD5D219A7E10006ECC49 = {
						CreatedOnToolsVersion = 10.1;
						TestTargetID = 7656AD49219A7E0D006ECC49;
					};
					7656AD68219A7E10006ECC49 = {
						CreatedOnToolsVersion = 10.1;
						TestTargetID = 7656AD49219A7E0D006ECC49;
					};
				};
			};
			buildConfigurationList = 7656AD45219A7E0D006ECC49 /* Build configuration list for PBXProject "Challenge" */;
			compatibilityVersion = "Xcode 9.3";
			developmentRegion = en;
			hasScannedForEncodings = 0;
			knownRegions = (
				en,
				Base,
			);
			mainGroup = 7656AD41219A7E0D006ECC49;
			productRefGroup = 7656AD4B219A7E0D006ECC49 /* Products */;
			projectDirPath = "";
			projectRoot = "";
			targets = (
				7656AD49219A7E0D006ECC49 /* Challenge */,
				7656AD5D219A7E10006ECC49 /* ChallengeTests */,
				7656AD68219A7E10006ECC49 /* ChallengeUITests */,
			);
		};
/* End PBXProject section */

/* Begin PBXResourcesBuildPhase section */
		7656AD48219A7E0D006ECC49 /* Resources */ = {
			isa = PBXResourcesBuildPhase;
			buildActionMask = 2147483647;
			files = (
				7656AD58219A7E10006ECC49 /* LaunchScreen.storyboard in Resources */,
				7656AD55219A7E10006ECC49 /* Assets.xcassets in Resources */,
				7656AD53219A7E0D006ECC49 /* Main.storyboard in Resources */,
			);
			runOnlyForDeploymentPostprocessing = 0;
		};
		7656AD5C219A7E10006ECC49 /* Resources */ = {
			isa = PBXResourcesBuildPhase;
			buildActionMask = 2147483647;
			files = (
			);
			runOnlyForDeploymentPostprocessing = 0;
		};
		7656AD67219A7E10006ECC49 /* Resources */ = {
			isa = PBXResourcesBuildPhase;
			buildActionMask = 2147483647;
			files = (
			);
			runOnlyForDeploymentPostprocessing = 0;
		};
/* End PBXResourcesBuildPhase section */

/* Begin PBXShellScriptBuildPhase section */
		250F0A8A0695845B5985D34C /* [CP] Embed Pods Frameworks */ = {
			isa = PBXShellScriptBuildPhase;
			buildActionMask = 2147483647;
			files = (
			);
			inputPaths = (
				"${SRCROOT}/Pods/Target Support Files/Pods-Challenge/Pods-Challenge-frameworks.sh",
				"${BUILT_PRODUCTS_DIR}/SDWebImage/SDWebImage.framework",
				"${BUILT_PRODUCTS_DIR}/libwebp/libwebp.framework",
			);
			name = "[CP] Embed Pods Frameworks";
			outputPaths = (
				"${TARGET_BUILD_DIR}/${FRAMEWORKS_FOLDER_PATH}/SDWebImage.framework",
				"${TARGET_BUILD_DIR}/${FRAMEWORKS_FOLDER_PATH}/libwebp.framework",
			);
			runOnlyForDeploymentPostprocessing = 0;
			shellPath = /bin/sh;
			shellScript = "\"${SRCROOT}/Pods/Target Support Files/Pods-Challenge/Pods-Challenge-frameworks.sh\"\n";
			showEnvVarsInLog = 0;
		};
		2DF44FAC6E4D7009F87E939D /* [CP] Check Pods Manifest.lock */ = {
			isa = PBXShellScriptBuildPhase;
			buildActionMask = 2147483647;
			files = (
			);
			inputPaths = (
				"${PODS_PODFILE_DIR_PATH}/Podfile.lock",
				"${PODS_ROOT}/Manifest.lock",
			);
			name = "[CP] Check Pods Manifest.lock";
			outputPaths = (
				"$(DERIVED_FILE_DIR)/Pods-ChallengeTests-checkManifestLockResult.txt",
			);
			runOnlyForDeploymentPostprocessing = 0;
			shellPath = /bin/sh;
			shellScript = "diff \"${PODS_PODFILE_DIR_PATH}/Podfile.lock\" \"${PODS_ROOT}/Manifest.lock\" > /dev/null\nif [ $? != 0 ] ; then\n    # print error to STDERR\n    echo \"error: The sandbox is not in sync with the Podfile.lock. Run 'pod install' or update your CocoaPods installation.\" >&2\n    exit 1\nfi\n# This output is used by Xcode 'outputs' to avoid re-running this script phase.\necho \"SUCCESS\" > \"${SCRIPT_OUTPUT_FILE_0}\"\n";
			showEnvVarsInLog = 0;
		};
		8514A88AEE4DF45F01094B29 /* [CP] Check Pods Manifest.lock */ = {
			isa = PBXShellScriptBuildPhase;
			buildActionMask = 2147483647;
			files = (
			);
			inputPaths = (
				"${PODS_PODFILE_DIR_PATH}/Podfile.lock",
				"${PODS_ROOT}/Manifest.lock",
			);
			name = "[CP] Check Pods Manifest.lock";
			outputPaths = (
				"$(DERIVED_FILE_DIR)/Pods-ChallengeUITests-checkManifestLockResult.txt",
			);
			runOnlyForDeploymentPostprocessing = 0;
			shellPath = /bin/sh;
			shellScript = "diff \"${PODS_PODFILE_DIR_PATH}/Podfile.lock\" \"${PODS_ROOT}/Manifest.lock\" > /dev/null\nif [ $? != 0 ] ; then\n    # print error to STDERR\n    echo \"error: The sandbox is not in sync with the Podfile.lock. Run 'pod install' or update your CocoaPods installation.\" >&2\n    exit 1\nfi\n# This output is used by Xcode 'outputs' to avoid re-running this script phase.\necho \"SUCCESS\" > \"${SCRIPT_OUTPUT_FILE_0}\"\n";
			showEnvVarsInLog = 0;
		};
		BBB75C1DE9FE1BFD8F2EF904 /* [CP] Check Pods Manifest.lock */ = {
			isa = PBXShellScriptBuildPhase;
			buildActionMask = 2147483647;
			files = (
			);
			inputPaths = (
				"${PODS_PODFILE_DIR_PATH}/Podfile.lock",
				"${PODS_ROOT}/Manifest.lock",
			);
			name = "[CP] Check Pods Manifest.lock";
			outputPaths = (
				"$(DERIVED_FILE_DIR)/Pods-Challenge-checkManifestLockResult.txt",
			);
			runOnlyForDeploymentPostprocessing = 0;
			shellPath = /bin/sh;
			shellScript = "diff \"${PODS_PODFILE_DIR_PATH}/Podfile.lock\" \"${PODS_ROOT}/Manifest.lock\" > /dev/null\nif [ $? != 0 ] ; then\n    # print error to STDERR\n    echo \"error: The sandbox is not in sync with the Podfile.lock. Run 'pod install' or update your CocoaPods installation.\" >&2\n    exit 1\nfi\n# This output is used by Xcode 'outputs' to avoid re-running this script phase.\necho \"SUCCESS\" > \"${SCRIPT_OUTPUT_FILE_0}\"\n";
			showEnvVarsInLog = 0;
		};
/* End PBXShellScriptBuildPhase section */

/* Begin PBXSourcesBuildPhase section */
		7656AD46219A7E0D006ECC49 /* Sources */ = {
			isa = PBXSourcesBuildPhase;
			buildActionMask = 2147483647;
			files = (
				7656AD8E219B9A0C006ECC49 /* PostTableViewCell.swift in Sources */,
				7656AD87219AF5B5006ECC49 /* UrlProtocols.swift in Sources */,
				7656AD95219BF97C006ECC49 /* IntExt.swift in Sources */,
				7656AD7E219A83E4006ECC49 /* Post.swift in Sources */,
				7656AD8C219AFC0F006ECC49 /* PostListViewModel.swift in Sources */,
				7656AD50219A7E0D006ECC49 /* ViewController.swift in Sources */,
				7656AD90219B9CB5006ECC49 /* PostTableViewModel.swift in Sources */,
				7656AD80219A8635006ECC49 /* ApiService.swift in Sources */,
				7656AD4E219A7E0D006ECC49 /* AppDelegate.swift in Sources */,
			);
			runOnlyForDeploymentPostprocessing = 0;
		};
		7656AD5A219A7E10006ECC49 /* Sources */ = {
			isa = PBXSourcesBuildPhase;
			buildActionMask = 2147483647;
			files = (
				7656AD63219A7E10006ECC49 /* ApiServiceTests.swift in Sources */,
			);
			runOnlyForDeploymentPostprocessing = 0;
		};
		7656AD65219A7E10006ECC49 /* Sources */ = {
			isa = PBXSourcesBuildPhase;
			buildActionMask = 2147483647;
			files = (
				7656AD6E219A7E10006ECC49 /* ChallengeUITests.swift in Sources */,
			);
			runOnlyForDeploymentPostprocessing = 0;
		};
/* End PBXSourcesBuildPhase section */

/* Begin PBXTargetDependency section */
		7656AD60219A7E10006ECC49 /* PBXTargetDependency */ = {
			isa = PBXTargetDependency;
			target = 7656AD49219A7E0D006ECC49 /* Challenge */;
			targetProxy = 7656AD5F219A7E10006ECC49 /* PBXContainerItemProxy */;
		};
		7656AD6B219A7E10006ECC49 /* PBXTargetDependency */ = {
			isa = PBXTargetDependency;
			target = 7656AD49219A7E0D006ECC49 /* Challenge */;
			targetProxy = 7656AD6A219A7E10006ECC49 /* PBXContainerItemProxy */;
		};
/* End PBXTargetDependency section */

/* Begin PBXVariantGroup section */
		7656AD51219A7E0D006ECC49 /* Main.storyboard */ = {
			isa = PBXVariantGroup;
			children = (
				7656AD52219A7E0D006ECC49 /* Base */,
			);
			name = Main.storyboard;
			sourceTree = "<group>";
		};
		7656AD56219A7E10006ECC49 /* LaunchScreen.storyboard */ = {
			isa = PBXVariantGroup;
			children = (
				7656AD57219A7E10006ECC49 /* Base */,
			);
			name = LaunchScreen.storyboard;
			sourceTree = "<group>";
		};
/* End PBXVariantGroup section */

/* Begin XCBuildConfiguration section */
		7656AD70219A7E10006ECC49 /* Debug */ = {
			isa = XCBuildConfiguration;
			buildSettings = {
				ALWAYS_SEARCH_USER_PATHS = NO;
				CLANG_ANALYZER_NONNULL = YES;
				CLANG_ANALYZER_NUMBER_OBJECT_CONVERSION = YES_AGGRESSIVE;
				CLANG_CXX_LANGUAGE_STANDARD = "gnu++14";
				CLANG_CXX_LIBRARY = "libc++";
				CLANG_ENABLE_MODULES = YES;
				CLANG_ENABLE_OBJC_ARC = YES;
				CLANG_ENABLE_OBJC_WEAK = YES;
				CLANG_WARN_BLOCK_CAPTURE_AUTORELEASING = YES;
				CLANG_WARN_BOOL_CONVERSION = YES;
				CLANG_WARN_COMMA = YES;
				CLANG_WARN_CONSTANT_CONVERSION = YES;
				CLANG_WARN_DEPRECATED_OBJC_IMPLEMENTATIONS = YES;
				CLANG_WARN_DIRECT_OBJC_ISA_USAGE = YES_ERROR;
				CLANG_WARN_DOCUMENTATION_COMMENTS = YES;
				CLANG_WARN_EMPTY_BODY = YES;
				CLANG_WARN_ENUM_CONVERSION = YES;
				CLANG_WARN_INFINITE_RECURSION = YES;
				CLANG_WARN_INT_CONVERSION = YES;
				CLANG_WARN_NON_LITERAL_NULL_CONVERSION = YES;
				CLANG_WARN_OBJC_IMPLICIT_RETAIN_SELF = YES;
				CLANG_WARN_OBJC_LITERAL_CONVERSION = YES;
				CLANG_WARN_OBJC_ROOT_CLASS = YES_ERROR;
				CLANG_WARN_RANGE_LOOP_ANALYSIS = YES;
				CLANG_WARN_STRICT_PROTOTYPES = YES;
				CLANG_WARN_SUSPICIOUS_MOVE = YES;
				CLANG_WARN_UNGUARDED_AVAILABILITY = YES_AGGRESSIVE;
				CLANG_WARN_UNREACHABLE_CODE = YES;
				CLANG_WARN__DUPLICATE_METHOD_MATCH = YES;
				CODE_SIGN_IDENTITY = "iPhone Developer";
				COPY_PHASE_STRIP = NO;
				DEBUG_INFORMATION_FORMAT = dwarf;
				ENABLE_STRICT_OBJC_MSGSEND = YES;
				ENABLE_TESTABILITY = YES;
				GCC_C_LANGUAGE_STANDARD = gnu11;
				GCC_DYNAMIC_NO_PIC = NO;
				GCC_NO_COMMON_BLOCKS = YES;
				GCC_OPTIMIZATION_LEVEL = 0;
				GCC_PREPROCESSOR_DEFINITIONS = (
					"DEBUG=1",
					"$(inherited)",
				);
				GCC_WARN_64_TO_32_BIT_CONVERSION = YES;
				GCC_WARN_ABOUT_RETURN_TYPE = YES_ERROR;
				GCC_WARN_UNDECLARED_SELECTOR = YES;
				GCC_WARN_UNINITIALIZED_AUTOS = YES_AGGRESSIVE;
				GCC_WARN_UNUSED_FUNCTION = YES;
				GCC_WARN_UNUSED_VARIABLE = YES;
				IPHONEOS_DEPLOYMENT_TARGET = 12.1;
				MTL_ENABLE_DEBUG_INFO = INCLUDE_SOURCE;
				MTL_FAST_MATH = YES;
				ONLY_ACTIVE_ARCH = YES;
				SDKROOT = iphoneos;
				SWIFT_ACTIVE_COMPILATION_CONDITIONS = DEBUG;
				SWIFT_OPTIMIZATION_LEVEL = "-Onone";
			};
			name = Debug;
		};
		7656AD71219A7E10006ECC49 /* Release */ = {
			isa = XCBuildConfiguration;
			buildSettings = {
				ALWAYS_SEARCH_USER_PATHS = NO;
				CLANG_ANALYZER_NONNULL = YES;
				CLANG_ANALYZER_NUMBER_OBJECT_CONVERSION = YES_AGGRESSIVE;
				CLANG_CXX_LANGUAGE_STANDARD = "gnu++14";
				CLANG_CXX_LIBRARY = "libc++";
				CLANG_ENABLE_MODULES = YES;
				CLANG_ENABLE_OBJC_ARC = YES;
				CLANG_ENABLE_OBJC_WEAK = YES;
				CLANG_WARN_BLOCK_CAPTURE_AUTORELEASING = YES;
				CLANG_WARN_BOOL_CONVERSION = YES;
				CLANG_WARN_COMMA = YES;
				CLANG_WARN_CONSTANT_CONVERSION = YES;
				CLANG_WARN_DEPRECATED_OBJC_IMPLEMENTATIONS = YES;
				CLANG_WARN_DIRECT_OBJC_ISA_USAGE = YES_ERROR;
				CLANG_WARN_DOCUMENTATION_COMMENTS = YES;
				CLANG_WARN_EMPTY_BODY = YES;
				CLANG_WARN_ENUM_CONVERSION = YES;
				CLANG_WARN_INFINITE_RECURSION = YES;
				CLANG_WARN_INT_CONVERSION = YES;
				CLANG_WARN_NON_LITERAL_NULL_CONVERSION = YES;
				CLANG_WARN_OBJC_IMPLICIT_RETAIN_SELF = YES;
				CLANG_WARN_OBJC_LITERAL_CONVERSION = YES;
				CLANG_WARN_OBJC_ROOT_CLASS = YES_ERROR;
				CLANG_WARN_RANGE_LOOP_ANALYSIS = YES;
				CLANG_WARN_STRICT_PROTOTYPES = YES;
				CLANG_WARN_SUSPICIOUS_MOVE = YES;
				CLANG_WARN_UNGUARDED_AVAILABILITY = YES_AGGRESSIVE;
				CLANG_WARN_UNREACHABLE_CODE = YES;
				CLANG_WARN__DUPLICATE_METHOD_MATCH = YES;
				CODE_SIGN_IDENTITY = "iPhone Developer";
				COPY_PHASE_STRIP = NO;
				DEBUG_INFORMATION_FORMAT = "dwarf-with-dsym";
				ENABLE_NS_ASSERTIONS = NO;
				ENABLE_STRICT_OBJC_MSGSEND = YES;
				GCC_C_LANGUAGE_STANDARD = gnu11;
				GCC_NO_COMMON_BLOCKS = YES;
				GCC_WARN_64_TO_32_BIT_CONVERSION = YES;
				GCC_WARN_ABOUT_RETURN_TYPE = YES_ERROR;
				GCC_WARN_UNDECLARED_SELECTOR = YES;
				GCC_WARN_UNINITIALIZED_AUTOS = YES_AGGRESSIVE;
				GCC_WARN_UNUSED_FUNCTION = YES;
				GCC_WARN_UNUSED_VARIABLE = YES;
				IPHONEOS_DEPLOYMENT_TARGET = 12.1;
				MTL_ENABLE_DEBUG_INFO = NO;
				MTL_FAST_MATH = YES;
				SDKROOT = iphoneos;
				SWIFT_COMPILATION_MODE = wholemodule;
				SWIFT_OPTIMIZATION_LEVEL = "-O";
				VALIDATE_PRODUCT = YES;
			};
			name = Release;
		};
		7656AD73219A7E10006ECC49 /* Debug */ = {
			isa = XCBuildConfiguration;
			baseConfigurationReference = A31843CB0085C1EDD3580CCA /* Pods-Challenge.debug.xcconfig */;
			buildSettings = {
				ASSETCATALOG_COMPILER_APPICON_NAME = AppIcon;
				CODE_SIGN_STYLE = Automatic;
				DEVELOPMENT_TEAM = T6W38YLN79;
				INFOPLIST_FILE = Challenge/Info.plist;
				IPHONEOS_DEPLOYMENT_TARGET = 9.0;
				LD_RUNPATH_SEARCH_PATHS = (
					"$(inherited)",
					"@executable_path/Frameworks",
				);
				PRODUCT_BUNDLE_IDENTIFIER = challenge.fleetWit;
				PRODUCT_NAME = "$(TARGET_NAME)";
				SWIFT_VERSION = 4.2;
				TARGETED_DEVICE_FAMILY = "1,2";
			};
			name = Debug;
		};
		7656AD74219A7E10006ECC49 /* Release */ = {
			isa = XCBuildConfiguration;
			baseConfigurationReference = 727E7A6BF347E14B55A3392D /* Pods-Challenge.release.xcconfig */;
			buildSettings = {
				ASSETCATALOG_COMPILER_APPICON_NAME = AppIcon;
				CODE_SIGN_STYLE = Automatic;
				DEVELOPMENT_TEAM = T6W38YLN79;
				INFOPLIST_FILE = Challenge/Info.plist;
				IPHONEOS_DEPLOYMENT_TARGET = 9.0;
				LD_RUNPATH_SEARCH_PATHS = (
					"$(inherited)",
					"@executable_path/Frameworks",
				);
				PRODUCT_BUNDLE_IDENTIFIER = challenge.fleetWit;
				PRODUCT_NAME = "$(TARGET_NAME)";
				SWIFT_VERSION = 4.2;
				TARGETED_DEVICE_FAMILY = "1,2";
			};
			name = Release;
		};
		7656AD76219A7E10006ECC49 /* Debug */ = {
			isa = XCBuildConfiguration;
			baseConfigurationReference = C1E8B7197773BA579367D29F /* Pods-ChallengeTests.debug.xcconfig */;
			buildSettings = {
				ALWAYS_EMBED_SWIFT_STANDARD_LIBRARIES = YES;
				BUNDLE_LOADER = "$(TEST_HOST)";
				CODE_SIGN_STYLE = Automatic;
				INFOPLIST_FILE = ChallengeTests/Info.plist;
				LD_RUNPATH_SEARCH_PATHS = (
					"$(inherited)",
					"@executable_path/Frameworks",
					"@loader_path/Frameworks",
				);
				PRODUCT_BUNDLE_IDENTIFIER = none.ChallengeTests;
				PRODUCT_NAME = "$(TARGET_NAME)";
				SWIFT_VERSION = 4.2;
				TARGETED_DEVICE_FAMILY = "1,2";
				TEST_HOST = "$(BUILT_PRODUCTS_DIR)/Challenge.app/Challenge";
			};
			name = Debug;
		};
		7656AD77219A7E10006ECC49 /* Release */ = {
			isa = XCBuildConfiguration;
			baseConfigurationReference = BC3C919D79DFFA173CB66837 /* Pods-ChallengeTests.release.xcconfig */;
			buildSettings = {
				ALWAYS_EMBED_SWIFT_STANDARD_LIBRARIES = YES;
				BUNDLE_LOADER = "$(TEST_HOST)";
				CODE_SIGN_STYLE = Automatic;
				INFOPLIST_FILE = ChallengeTests/Info.plist;
				LD_RUNPATH_SEARCH_PATHS = (
					"$(inherited)",
					"@executable_path/Frameworks",
					"@loader_path/Frameworks",
				);
				PRODUCT_BUNDLE_IDENTIFIER = none.ChallengeTests;
				PRODUCT_NAME = "$(TARGET_NAME)";
				SWIFT_VERSION = 4.2;
				TARGETED_DEVICE_FAMILY = "1,2";
				TEST_HOST = "$(BUILT_PRODUCTS_DIR)/Challenge.app/Challenge";
			};
			name = Release;
		};
		7656AD79219A7E10006ECC49 /* Debug */ = {
			isa = XCBuildConfiguration;
			baseConfigurationReference = 5DDF3929760E401ED671D8F6 /* Pods-ChallengeUITests.debug.xcconfig */;
			buildSettings = {
				ALWAYS_EMBED_SWIFT_STANDARD_LIBRARIES = YES;
				CODE_SIGN_STYLE = Automatic;
				INFOPLIST_FILE = ChallengeUITests/Info.plist;
				LD_RUNPATH_SEARCH_PATHS = (
					"$(inherited)",
					"@executable_path/Frameworks",
					"@loader_path/Frameworks",
				);
				PRODUCT_BUNDLE_IDENTIFIER = none.ChallengeUITests;
				PRODUCT_NAME = "$(TARGET_NAME)";
				SWIFT_VERSION = 4.2;
				TARGETED_DEVICE_FAMILY = "1,2";
				TEST_TARGET_NAME = Challenge;
			};
			name = Debug;
		};
		7656AD7A219A7E10006ECC49 /* Release */ = {
			isa = XCBuildConfiguration;
			baseConfigurationReference = 82100966EAC5A000C4F36923 /* Pods-ChallengeUITests.release.xcconfig */;
			buildSettings = {
				ALWAYS_EMBED_SWIFT_STANDARD_LIBRARIES = YES;
				CODE_SIGN_STYLE = Automatic;
				INFOPLIST_FILE = ChallengeUITests/Info.plist;
				LD_RUNPATH_SEARCH_PATHS = (
					"$(inherited)",
					"@executable_path/Frameworks",
					"@loader_path/Frameworks",
				);
				PRODUCT_BUNDLE_IDENTIFIER = none.ChallengeUITests;
				PRODUCT_NAME = "$(TARGET_NAME)";
				SWIFT_VERSION = 4.2;
				TARGETED_DEVICE_FAMILY = "1,2";
				TEST_TARGET_NAME = Challenge;
			};
			name = Release;
		};
/* End XCBuildConfiguration section */

/* Begin XCConfigurationList section */
		7656AD45219A7E0D006ECC49 /* Build configuration list for PBXProject "Challenge" */ = {
			isa = XCConfigurationList;
			buildConfigurations = (
				7656AD70219A7E10006ECC49 /* Debug */,
				7656AD71219A7E10006ECC49 /* Release */,
			);
			defaultConfigurationIsVisible = 0;
			defaultConfigurationName = Release;
		};
		7656AD72219A7E10006ECC49 /* Build configuration list for PBXNativeTarget "Challenge" */ = {
			isa = XCConfigurationList;
			buildConfigurations = (
				7656AD73219A7E10006ECC49 /* Debug */,
				7656AD74219A7E10006ECC49 /* Release */,
			);
			defaultConfigurationIsVisible = 0;
			defaultConfigurationName = Release;
		};
		7656AD75219A7E10006ECC49 /* Build configuration list for PBXNativeTarget "ChallengeTests" */ = {
			isa = XCConfigurationList;
			buildConfigurations = (
				7656AD76219A7E10006ECC49 /* Debug */,
				7656AD77219A7E10006ECC49 /* Release */,
			);
			defaultConfigurationIsVisible = 0;
			defaultConfigurationName = Release;
		};
		7656AD78219A7E10006ECC49 /* Build configuration list for PBXNativeTarget "ChallengeUITests" */ = {
			isa = XCConfigurationList;
			buildConfigurations = (
				7656AD79219A7E10006ECC49 /* Debug */,
				7656AD7A219A7E10006ECC49 /* Release */,
			);
			defaultConfigurationIsVisible = 0;
			defaultConfigurationName = Release;
		};
/* End XCConfigurationList section */
	};
	rootObject = 7656AD42219A7E0D006ECC49 /* Project object */;
}
